<?xml version="1.0" encoding="utf-8"?>
<Project ToolsVersion="4.0" xmlns="http://schemas.microsoft.com/developer/msbuild/2003">
  <ItemGroup>
    <Filter Include="res">
      <UniqueIdentifier>{58551c47-837b-4e64-ba88-a11602a5a4a4}</UniqueIdentifier>
    </Filter>
    <Filter Include="src">
      <UniqueIdentifier>{86313b16-f6ed-4e0d-ac39-6ae1275496ad}</UniqueIdentifier>
    </Filter>
  </ItemGroup>
  <ItemGroup>
    <QtRcc Include="res\Waterfall.qrc">
      <Filter>res</Filter>
    </QtRcc>
  </ItemGroup>
  <ItemGroup>
    <ClCompile Include="src\Line3D.cpp">
      <Filter>src</Filter>
    </ClCompile>
    <ClCompile Include="src\main.cpp">
      <Filter>src</Filter>
    </ClCompile>
    <ClCompile Include="src\OpenGLWidget.cpp">
      <Filter>src</Filter>
    </ClCompile>
  </ItemGroup>
  <ItemGroup>
    <ClInclude Include="src\Line3D.h">
      <Filter>src</Filter>
    </ClInclude>
    <ClInclude Include="src\OpenGLWidget.h">
      <Filter>src</Filter>
    </ClInclude>
  </ItemGroup>
</Project>